
Microsoft Visual Studio Solution File, Format Version 12.00
# Visual Studio Version 16
VisualStudioVersion = 16.0.30611.23
MinimumVisualStudioVersion = 10.0.40219.1
Project("{FAE04EC0-301F-11D3-BF4B-00C04F79EFBC}") = "ConsoleApp5", "ConsoleApp5\ConsoleApp5.csproj", "{B51B3106-27D6-4D59-BC4C-A85D0D34CBFD}"
EndProject
Global
	GlobalSection(SolutionConfigurationPlatforms) = preSolution
		Debug|Any CPU = Debug|Any CPU
		Release|Any CPU = Release|Any CPU
	EndGlobalSection
	GlobalSection(ProjectConfigurationPlatforms) = postSolution
		{B51B3106-27D6-4D59-BC4C-A85D0D34CBFD}.Debug|Any CPU.ActiveCfg = Debug|Any CPU
		{B51B3106-27D6-4D59-BC4C-A85D0D34CBFD}.Debug|Any CPU.Build.0 = Debug|Any CPU
		{B51B3106-27D6-4D59-BC4C-A85D0D34CBFD}.Release|Any CPU.ActiveCfg = Release|Any CPU
		{B51B3106-27D6-4D59-BC4C-A85D0D34CBFD}.Release|Any CPU.Build.0 = Release|Any CPU
	EndGlobalSection
	GlobalSection(SolutionProperties) = preSolution
		HideSolutionNode = FALSE
	EndGlobalSection
	GlobalSection(ExtensibilityGlobals) = postSolution
		SolutionGuid = {A494935C-F48A-4829-9E56-00771ECD7E66}
	EndGlobalSection
EndGlobal
